
Microsoft Visual Studio Solution File, Format Version 12.00
# Visual Studio Version 17
VisualStudioVersion = 17.7.34221.43
MinimumVisualStudioVersion = 10.0.40219.1
Project("{FAE04EC0-301F-11D3-BF4B-00C04F79EFBC}") = "teorie-polimorfism", "teorie-polimorfism\teorie-polimorfism.csproj", "{6AF61F05-10B4-487A-ADFC-FB9823775359}"
EndProject
Global
	GlobalSection(SolutionConfigurationPlatforms) = preSolution
		Debug|Any CPU = Debug|Any CPU
		Release|Any CPU = Release|Any CPU
	EndGlobalSection
	GlobalSection(ProjectConfigurationPlatforms) = postSolution
		{6AF61F05-10B4-487A-ADFC-FB9823775359}.Debug|Any CPU.ActiveCfg = Debug|Any CPU
		{6AF61F05-10B4-487A-ADFC-FB9823775359}.Debug|Any CPU.Build.0 = Debug|Any CPU
		{6AF61F05-10B4-487A-ADFC-FB9823775359}.Release|Any CPU.ActiveCfg = Release|Any CPU
		{6AF61F05-10B4-487A-ADFC-FB9823775359}.Release|Any CPU.Build.0 = Release|Any CPU
	EndGlobalSection
	GlobalSection(SolutionProperties) = preSolution
		HideSolutionNode = FALSE
	EndGlobalSection
	GlobalSection(ExtensibilityGlobals) = postSolution
		SolutionGuid = {3A49CF90-FB39-4E66-82C8-ABCA1CD3B492}
	EndGlobalSection
EndGlobal
